// !$*UTF8*$!
{
	archiveVersion = 1;
	classes = {
	};
	objectVersion = 55;
	objects = {

/* Begin PBXBuildFile section */
		2F765BA634858762A60982EA /* Pods_DuoYinDemo.framework in Frameworks */ = {isa = PBXBuildFile; fileRef = 403B0DA55220BC05D25DDE00 /* Pods_DuoYinDemo.framework */; };
		312D26E927BE32B900D0BB64 /* AppDelegate.swift in Sources */ = {isa = PBXBuildFile; fileRef = 312D26E827BE32B900D0BB64 /* AppDelegate.swift */; };
		312D26EB27BE32B900D0BB64 /* SceneDelegate.swift in Sources */ = {isa = PBXBuildFile; fileRef = 312D26EA27BE32B900D0BB64 /* SceneDelegate.swift */; };
		312D26ED27BE32B900D0BB64 /* ViewController.swift in Sources */ = {isa = PBXBuildFile; fileRef = 312D26EC27BE32B900D0BB64 /* ViewController.swift */; };
		312D26F227BE32BB00D0BB64 /* Assets.xcassets in Resources */ = {isa = PBXBuildFile; fileRef = 312D26F127BE32BB00D0BB64 /* Assets.xcassets */; };
		312D26F527BE32BB00D0BB64 /* LaunchScreen.storyboard in Resources */ = {isa = PBXBuildFile; fileRef = 312D26F327BE32BB00D0BB64 /* LaunchScreen.storyboard */; };
		312D270927BE3F2400D0BB64 /* TabBarViewController.swift in Sources */ = {isa = PBXBuildFile; fileRef = 312D270827BE3F2400D0BB64 /* TabBarViewController.swift */; };
		312D270B27BE3F4300D0BB64 /* FeedRootViewController.swift in Sources */ = {isa = PBXBuildFile; fileRef = 312D270A27BE3F4300D0BB64 /* FeedRootViewController.swift */; };
		312D270D27BE3F6300D0BB64 /* FriendRootViewController.swift in Sources */ = {isa = PBXBuildFile; fileRef = 312D270C27BE3F6300D0BB64 /* FriendRootViewController.swift */; };
		312D270F27BE3F8200D0BB64 /* CameraRootViewController.swift in Sources */ = {isa = PBXBuildFile; fileRef = 312D270E27BE3F8200D0BB64 /* CameraRootViewController.swift */; };
		312D271127BE3F9100D0BB64 /* MessageRootViewController.swift in Sources */ = {isa = PBXBuildFile; fileRef = 312D271027BE3F9100D0BB64 /* MessageRootViewController.swift */; };
		312D271427BE3FBC00D0BB64 /* ProfileRootViewController.swift in Sources */ = {isa = PBXBuildFile; fileRef = 312D271327BE3FBC00D0BB64 /* ProfileRootViewController.swift */; };
		312D271627BE4D9100D0BB64 /* FeedContainerViewController.swift in Sources */ = {isa = PBXBuildFile; fileRef = 312D271527BE4D9100D0BB64 /* FeedContainerViewController.swift */; };
		312D271827BE4F6D00D0BB64 /* FeedContainerCollectionViewCell.swift in Sources */ = {isa = PBXBuildFile; fileRef = 312D271727BE4F6D00D0BB64 /* FeedContainerCollectionViewCell.swift */; };
		312D271B27BE514B00D0BB64 /* UIViewController+Douyin.swift in Sources */ = {isa = PBXBuildFile; fileRef = 312D271A27BE514B00D0BB64 /* UIViewController+Douyin.swift */; };
		312D271D27BE6B6100D0BB64 /* UIcolor+Douyin.swift in Sources */ = {isa = PBXBuildFile; fileRef = 312D271C27BE6B6100D0BB64 /* UIcolor+Douyin.swift */; };
		3163907827C3AC100043BE17 /* FeedViewController.swift in Sources */ = {isa = PBXBuildFile; fileRef = 3163907727C3AC100043BE17 /* FeedViewController.swift */; };
		3163907B27C3AD360043BE17 /* FeedModel.swift in Sources */ = {isa = PBXBuildFile; fileRef = 3163907A27C3AD360043BE17 /* FeedModel.swift */; };
		31D8D63527BF2C3600A99BF1 /* FeedTabView.swift in Sources */ = {isa = PBXBuildFile; fileRef = 31D8D63427BF2C3600A99BF1 /* FeedTabView.swift */; };
		31D8D63727C24F6700A99BF1 /* FeedTableViewController.swift in Sources */ = {isa = PBXBuildFile; fileRef = 31D8D63627C24F6700A99BF1 /* FeedTableViewController.swift */; };
		31D8D63927C24FBF00A99BF1 /* FeedTableViewCell.swift in Sources */ = {isa = PBXBuildFile; fileRef = 31D8D63827C24FBF00A99BF1 /* FeedTableViewCell.swift */; };
/* End PBXBuildFile section */

/* Begin PBXFileReference section */
		312D26E527BE32B800D0BB64 /* DuoYinDemo.app */ = {isa = PBXFileReference; explicitFileType = wrapper.application; includeInIndex = 0; path = DuoYinDemo.app; sourceTree = BUILT_PRODUCTS_DIR; };
		312D26E827BE32B900D0BB64 /* AppDelegate.swift */ = {isa = PBXFileReference; lastKnownFileType = sourcecode.swift; path = AppDelegate.swift; sourceTree = "<group>"; };
		312D26EA27BE32B900D0BB64 /* SceneDelegate.swift */ = {isa = PBXFileReference; lastKnownFileType = sourcecode.swift; path = SceneDelegate.swift; sourceTree = "<group>"; };
		312D26EC27BE32B900D0BB64 /* ViewController.swift */ = {isa = PBXFileReference; lastKnownFileType = sourcecode.swift; path = ViewController.swift; sourceTree = "<group>"; };
		312D26F127BE32BB00D0BB64 /* Assets.xcassets */ = {isa = PBXFileReference; lastKnownFileType = folder.assetcatalog; path = Assets.xcassets; sourceTree = "<group>"; };
		312D26F427BE32BB00D0BB64 /* Base */ = {isa = PBXFileReference; lastKnownFileType = file.storyboard; name = Base; path = Base.lproj/LaunchScreen.storyboard; sourceTree = "<group>"; };
		312D26F627BE32BB00D0BB64 /* Info.plist */ = {isa = PBXFileReference; lastKnownFileType = text.plist.xml; path = Info.plist; sourceTree = "<group>"; };
		312D270827BE3F2400D0BB64 /* TabBarViewController.swift */ = {isa = PBXFileReference; lastKnownFileType = sourcecode.swift; path = TabBarViewController.swift; sourceTree = "<group>"; };
		312D270A27BE3F4300D0BB64 /* FeedRootViewController.swift */ = {isa = PBXFileReference; lastKnownFileType = sourcecode.swift; path = FeedRootViewController.swift; sourceTree = "<group>"; };
		312D270C27BE3F6300D0BB64 /* FriendRootViewController.swift */ = {isa = PBXFileReference; lastKnownFileType = sourcecode.swift; path = FriendRootViewController.swift; sourceTree = "<group>"; };
		312D270E27BE3F8200D0BB64 /* CameraRootViewController.swift */ = {isa = PBXFileReference; lastKnownFileType = sourcecode.swift; path = CameraRootViewController.swift; sourceTree = "<group>"; };
		312D271027BE3F9100D0BB64 /* MessageRootViewController.swift */ = {isa = PBXFileReference; lastKnownFileType = sourcecode.swift; path = MessageRootViewController.swift; sourceTree = "<group>"; };
		312D271327BE3FBC00D0BB64 /* ProfileRootViewController.swift */ = {isa = PBXFileReference; lastKnownFileType = sourcecode.swift; path = ProfileRootViewController.swift; sourceTree = "<group>"; };
		312D271527BE4D9100D0BB64 /* FeedContainerViewController.swift */ = {isa = PBXFileReference; lastKnownFileType = sourcecode.swift; path = FeedContainerViewController.swift; sourceTree = "<group>"; };
		312D271727BE4F6D00D0BB64 /* FeedContainerCollectionViewCell.swift */ = {isa = PBXFileReference; lastKnownFileType = sourcecode.swift; path = FeedContainerCollectionViewCell.swift; sourceTree = "<group>"; };
		312D271A27BE514B00D0BB64 /* UIViewController+Douyin.swift */ = {isa = PBXFileReference; lastKnownFileType = sourcecode.swift; path = "UIViewController+Douyin.swift"; sourceTree = "<group>"; };
		312D271C27BE6B6100D0BB64 /* UIcolor+Douyin.swift */ = {isa = PBXFileReference; lastKnownFileType = sourcecode.swift; path = "UIcolor+Douyin.swift"; sourceTree = "<group>"; };
		3163907727C3AC100043BE17 /* FeedViewController.swift */ = {isa = PBXFileReference; lastKnownFileType = sourcecode.swift; path = FeedViewController.swift; sourceTree = "<group>"; };
		3163907A27C3AD360043BE17 /* FeedModel.swift */ = {isa = PBXFileReference; lastKnownFileType = sourcecode.swift; path = FeedModel.swift; sourceTree = "<group>"; };
		31D8D63427BF2C3600A99BF1 /* FeedTabView.swift */ = {isa = PBXFileReference; lastKnownFileType = sourcecode.swift; path = FeedTabView.swift; sourceTree = "<group>"; };
		31D8D63627C24F6700A99BF1 /* FeedTableViewController.swift */ = {isa = PBXFileReference; lastKnownFileType = sourcecode.swift; path = FeedTableViewController.swift; sourceTree = "<group>"; };
		31D8D63827C24FBF00A99BF1 /* FeedTableViewCell.swift */ = {isa = PBXFileReference; lastKnownFileType = sourcecode.swift; path = FeedTableViewCell.swift; sourceTree = "<group>"; };
		403B0DA55220BC05D25DDE00 /* Pods_DuoYinDemo.framework */ = {isa = PBXFileReference; explicitFileType = wrapper.framework; includeInIndex = 0; path = Pods_DuoYinDemo.framework; sourceTree = BUILT_PRODUCTS_DIR; };
		46418FFD2C2ED1D11C8E864E /* Pods-DuoYinDemo.debug.xcconfig */ = {isa = PBXFileReference; includeInIndex = 1; lastKnownFileType = text.xcconfig; name = "Pods-DuoYinDemo.debug.xcconfig"; path = "Target Support Files/Pods-DuoYinDemo/Pods-DuoYinDemo.debug.xcconfig"; sourceTree = "<group>"; };
		D10B278F91E0675C407D037E /* Pods-DuoYinDemo.release.xcconfig */ = {isa = PBXFileReference; includeInIndex = 1; lastKnownFileType = text.xcconfig; name = "Pods-DuoYinDemo.release.xcconfig"; path = "Target Support Files/Pods-DuoYinDemo/Pods-DuoYinDemo.release.xcconfig"; sourceTree = "<group>"; };
/* End PBXFileReference section */

/* Begin PBXFrameworksBuildPhase section */
		312D26E227BE32B800D0BB64 /* Frameworks */ = {
			isa = PBXFrameworksBuildPhase;
			buildActionMask = 2147483647;
			files = (
				2F765BA634858762A60982EA /* Pods_DuoYinDemo.framework in Frameworks */,
			);
			runOnlyForDeploymentPostprocessing = 0;
		};
/* End PBXFrameworksBuildPhase section */

/* Begin PBXGroup section */
		312D26DC27BE32B800D0BB64 = {
			isa = PBXGroup;
			children = (
				312D26E727BE32B900D0BB64 /* DuoYinDemo */,
				312D26E627BE32B900D0BB64 /* Products */,
				D85B3DC4F0CD14E6BE1FBF28 /* Pods */,
				8EE126D22CFDB9A1D890AC52 /* Frameworks */,
			);
			sourceTree = "<group>";
		};
		312D26E627BE32B900D0BB64 /* Products */ = {
			isa = PBXGroup;
			children = (
				312D26E527BE32B800D0BB64 /* DuoYinDemo.app */,
			);
			name = Products;
			sourceTree = "<group>";
		};
		312D26E727BE32B900D0BB64 /* DuoYinDemo */ = {
			isa = PBXGroup;
			children = (
				312D271927BE50E000D0BB64 /* Utils */,
				312D270127BE3C5D00D0BB64 /* Profile */,
				312D270027BE3C5300D0BB64 /* Message */,
				312D26FF27BE3C4300D0BB64 /* Camera */,
				312D26FE27BE3C3600D0BB64 /* Friend */,
				312D26FD27BE3C3000D0BB64 /* Home */,
				312D26FC27BE3C1900D0BB64 /* Tab */,
				312D26E827BE32B900D0BB64 /* AppDelegate.swift */,
				312D26EA27BE32B900D0BB64 /* SceneDelegate.swift */,
				312D26EC27BE32B900D0BB64 /* ViewController.swift */,
				312D26F127BE32BB00D0BB64 /* Assets.xcassets */,
				312D26F327BE32BB00D0BB64 /* LaunchScreen.storyboard */,
				312D26F627BE32BB00D0BB64 /* Info.plist */,
			);
			path = DuoYinDemo;
			sourceTree = "<group>";
		};
		312D26FC27BE3C1900D0BB64 /* Tab */ = {
			isa = PBXGroup;
			children = (
				312D270227BE3C6B00D0BB64 /* ViewControllers */,
			);
			path = Tab;
			sourceTree = "<group>";
		};
		312D26FD27BE3C3000D0BB64 /* Home */ = {
			isa = PBXGroup;
			children = (
				3163907927C3AD1D0043BE17 /* Models */,
				312D271E27BE6CA000D0BB64 /* Views */,
				312D270327BE3C7A00D0BB64 /* ViewControllers */,
			);
			path = Home;
			sourceTree = "<group>";
		};
		312D26FE27BE3C3600D0BB64 /* Friend */ = {
			isa = PBXGroup;
			children = (
				312D270427BE3C7E00D0BB64 /* ViewControllers */,
			);
			path = Friend;
			sourceTree = "<group>";
		};
		312D26FF27BE3C4300D0BB64 /* Camera */ = {
			isa = PBXGroup;
			children = (
				312D270527BE3C8100D0BB64 /* ViewControllers */,
			);
			path = Camera;
			sourceTree = "<group>";
		};
		312D270027BE3C5300D0BB64 /* Message */ = {
			isa = PBXGroup;
			children = (
				312D270627BE3C8400D0BB64 /* ViewControllers */,
			);
			path = Message;
			sourceTree = "<group>";
		};
		312D270127BE3C5D00D0BB64 /* Profile */ = {
			isa = PBXGroup;
			children = (
				312D270727BE3C8800D0BB64 /* ViewControllers */,
			);
			path = Profile;
			sourceTree = "<group>";
		};
		312D270227BE3C6B00D0BB64 /* ViewControllers */ = {
			isa = PBXGroup;
			children = (
				312D270827BE3F2400D0BB64 /* TabBarViewController.swift */,
			);
			path = ViewControllers;
			sourceTree = "<group>";
		};
		312D270327BE3C7A00D0BB64 /* ViewControllers */ = {
			isa = PBXGroup;
			children = (
				312D270A27BE3F4300D0BB64 /* FeedRootViewController.swift */,
				312D271527BE4D9100D0BB64 /* FeedContainerViewController.swift */,
				31D8D63627C24F6700A99BF1 /* FeedTableViewController.swift */,
				3163907727C3AC100043BE17 /* FeedViewController.swift */,
			);
			path = ViewControllers;
			sourceTree = "<group>";
		};
		312D270427BE3C7E00D0BB64 /* ViewControllers */ = {
			isa = PBXGroup;
			children = (
				312D270C27BE3F6300D0BB64 /* FriendRootViewController.swift */,
			);
			path = ViewControllers;
			sourceTree = "<group>";
		};
		312D270527BE3C8100D0BB64 /* ViewControllers */ = {
			isa = PBXGroup;
			children = (
				312D270E27BE3F8200D0BB64 /* CameraRootViewController.swift */,
			);
			path = ViewControllers;
			sourceTree = "<group>";
		};
		312D270627BE3C8400D0BB64 /* ViewControllers */ = {
			isa = PBXGroup;
			children = (
				312D271027BE3F9100D0BB64 /* MessageRootViewController.swift */,
			);
			path = ViewControllers;
			sourceTree = "<group>";
		};
		312D270727BE3C8800D0BB64 /* ViewControllers */ = {
			isa = PBXGroup;
			children = (
				312D271327BE3FBC00D0BB64 /* ProfileRootViewController.swift */,
			);
			path = ViewControllers;
			sourceTree = "<group>";
		};
		312D271927BE50E000D0BB64 /* Utils */ = {
			isa = PBXGroup;
			children = (
				312D271A27BE514B00D0BB64 /* UIViewController+Douyin.swift */,
				312D271C27BE6B6100D0BB64 /* UIcolor+Douyin.swift */,
			);
			path = Utils;
			sourceTree = "<group>";
		};
		312D271E27BE6CA000D0BB64 /* Views */ = {
			isa = PBXGroup;
			children = (
				312D271727BE4F6D00D0BB64 /* FeedContainerCollectionViewCell.swift */,
				31D8D63427BF2C3600A99BF1 /* FeedTabView.swift */,
				31D8D63827C24FBF00A99BF1 /* FeedTableViewCell.swift */,
			);
			path = Views;
			sourceTree = "<group>";
		};
		3163907927C3AD1D0043BE17 /* Models */ = {
			isa = PBXGroup;
			children = (
				3163907A27C3AD360043BE17 /* FeedModel.swift */,
			);
			path = Models;
			sourceTree = "<group>";
		};
		8EE126D22CFDB9A1D890AC52 /* Frameworks */ = {
			isa = PBXGroup;
			children = (
				403B0DA55220BC05D25DDE00 /* Pods_DuoYinDemo.framework */,
			);
			name = Frameworks;
			sourceTree = "<group>";
		};
		D85B3DC4F0CD14E6BE1FBF28 /* Pods */ = {
			isa = PBXGroup;
			children = (
				46418FFD2C2ED1D11C8E864E /* Pods-DuoYinDemo.debug.xcconfig */,
				D10B278F91E0675C407D037E /* Pods-DuoYinDemo.release.xcconfig */,
			);
			path = Pods;
			sourceTree = "<group>";
		};
/* End PBXGroup section */

/* Begin PBXNativeTarget section */
		312D26E427BE32B800D0BB64 /* DuoYinDemo */ = {
			isa = PBXNativeTarget;
			buildConfigurationList = 312D26F927BE32BB00D0BB64 /* Build configuration list for PBXNativeTarget "DuoYinDemo" */;
			buildPhases = (
				2594E6ADC2EE1C797570696F /* [CP] Check Pods Manifest.lock */,
				312D26E127BE32B800D0BB64 /* Sources */,
				312D26E227BE32B800D0BB64 /* Frameworks */,
				312D26E327BE32B800D0BB64 /* Resources */,
				517EA2044CF779A2C535692A /* [CP] Embed Pods Frameworks */,
			);
			buildRules = (
			);
			dependencies = (
			);
			name = DuoYinDemo;
			productName = DuoYinDemo;
			productReference = 312D26E527BE32B800D0BB64 /* DuoYinDemo.app */;
			productType = "com.apple.product-type.application";
		};
/* End PBXNativeTarget section */

/* Begin PBXProject section */
		312D26DD27BE32B800D0BB64 /* Project object */ = {
			isa = PBXProject;
			attributes = {
				BuildIndependentTargetsInParallel = 1;
				LastSwiftUpdateCheck = 1300;
				LastUpgradeCheck = 1300;
				TargetAttributes = {
					312D26E427BE32B800D0BB64 = {
						CreatedOnToolsVersion = 13.0;
					};
				};
			};
			buildConfigurationList = 312D26E027BE32B800D0BB64 /* Build configuration list for PBXProject "DuoYinDemo" */;
			compatibilityVersion = "Xcode 13.0";
			developmentRegion = en;
			hasScannedForEncodings = 0;
			knownRegions = (
				en,
				Base,
			);
			mainGroup = 312D26DC27BE32B800D0BB64;
			productRefGroup = 312D26E627BE32B900D0BB64 /* Products */;
			projectDirPath = "";
			projectRoot = "";
			targets = (
				312D26E427BE32B800D0BB64 /* DuoYinDemo */,
			);
		};
/* End PBXProject section */

/* Begin PBXResourcesBuildPhase section */
		312D26E327BE32B800D0BB64 /* Resources */ = {
			isa = PBXResourcesBuildPhase;
			buildActionMask = 2147483647;
			files = (
				312D26F527BE32BB00D0BB64 /* LaunchScreen.storyboard in Resources */,
				312D26F227BE32BB00D0BB64 /* Assets.xcassets in Resources */,
			);
			runOnlyForDeploymentPostprocessing = 0;
		};
/* End PBXResourcesBuildPhase section */

/* Begin PBXShellScriptBuildPhase section */
		2594E6ADC2EE1C797570696F /* [CP] Check Pods Manifest.lock */ = {
			isa = PBXShellScriptBuildPhase;
			buildActionMask = 2147483647;
			files = (
			);
			inputFileListPaths = (
			);
			inputPaths = (
				"${PODS_PODFILE_DIR_PATH}/Podfile.lock",
				"${PODS_ROOT}/Manifest.lock",
			);
			name = "[CP] Check Pods Manifest.lock";
			outputFileListPaths = (
			);
			outputPaths = (
				"$(DERIVED_FILE_DIR)/Pods-DuoYinDemo-checkManifestLockResult.txt",
			);
			runOnlyForDeploymentPostprocessing = 0;
			shellPath = /bin/sh;
			shellScript = "diff \"${PODS_PODFILE_DIR_PATH}/Podfile.lock\" \"${PODS_ROOT}/Manifest.lock\" > /dev/null\nif [ $? != 0 ] ; then\n    # print error to STDERR\n    echo \"error: The sandbox is not in sync with the Podfile.lock. Run 'pod install' or update your CocoaPods installation.\" >&2\n    exit 1\nfi\n# This output is used by Xcode 'outputs' to avoid re-running this script phase.\necho \"SUCCESS\" > \"${SCRIPT_OUTPUT_FILE_0}\"\n";
			showEnvVarsInLog = 0;
		};
		517EA2044CF779A2C535692A /* [CP] Embed Pods Frameworks */ = {
			isa = PBXShellScriptBuildPhase;
			buildActionMask = 2147483647;
			files = (
			);
			inputFileListPaths = (
				"${PODS_ROOT}/Target Support Files/Pods-DuoYinDemo/Pods-DuoYinDemo-frameworks-${CONFIGURATION}-input-files.xcfilelist",
			);
			name = "[CP] Embed Pods Frameworks";
			outputFileListPaths = (
				"${PODS_ROOT}/Target Support Files/Pods-DuoYinDemo/Pods-DuoYinDemo-frameworks-${CONFIGURATION}-output-files.xcfilelist",
			);
			runOnlyForDeploymentPostprocessing = 0;
			shellPath = /bin/sh;
			shellScript = "\"${PODS_ROOT}/Target Support Files/Pods-DuoYinDemo/Pods-DuoYinDemo-frameworks.sh\"\n";
			showEnvVarsInLog = 0;
		};
/* End PBXShellScriptBuildPhase section */

/* Begin PBXSourcesBuildPhase section */
		312D26E127BE32B800D0BB64 /* Sources */ = {
			isa = PBXSourcesBuildPhase;
			buildActionMask = 2147483647;
			files = (
				312D271B27BE514B00D0BB64 /* UIViewController+Douyin.swift in Sources */,
				3163907B27C3AD360043BE17 /* FeedModel.swift in Sources */,
				312D270D27BE3F6300D0BB64 /* FriendRootViewController.swift in Sources */,
				312D270927BE3F2400D0BB64 /* TabBarViewController.swift in Sources */,
				312D271127BE3F9100D0BB64 /* MessageRootViewController.swift in Sources */,
				312D270B27BE3F4300D0BB64 /* FeedRootViewController.swift in Sources */,
				312D271627BE4D9100D0BB64 /* FeedContainerViewController.swift in Sources */,
				31D8D63527BF2C3600A99BF1 /* FeedTabView.swift in Sources */,
				31D8D63727C24F6700A99BF1 /* FeedTableViewController.swift in Sources */,
				312D271D27BE6B6100D0BB64 /* UIcolor+Douyin.swift in Sources */,
				3163907827C3AC100043BE17 /* FeedViewController.swift in Sources */,
				31D8D63927C24FBF00A99BF1 /* FeedTableViewCell.swift in Sources */,
				312D26ED27BE32B900D0BB64 /* ViewController.swift in Sources */,
				312D271427BE3FBC00D0BB64 /* ProfileRootViewController.swift in Sources */,
				312D26E927BE32B900D0BB64 /* AppDelegate.swift in Sources */,
				312D271827BE4F6D00D0BB64 /* FeedContainerCollectionViewCell.swift in Sources */,
				312D270F27BE3F8200D0BB64 /* CameraRootViewController.swift in Sources */,
				312D26EB27BE32B900D0BB64 /* SceneDelegate.swift in Sources */,
			);
			runOnlyForDeploymentPostprocessing = 0;
		};
/* End PBXSourcesBuildPhase section */

/* Begin PBXVariantGroup section */
		312D26F327BE32BB00D0BB64 /* LaunchScreen.storyboard */ = {
			isa = PBXVariantGroup;
			children = (
				312D26F427BE32BB00D0BB64 /* Base */,
			);
			name = LaunchScreen.storyboard;
			sourceTree = "<group>";
		};
/* End PBXVariantGroup section */

/* Begin XCBuildConfiguration section */
		312D26F727BE32BB00D0BB64 /* Debug */ = {
			isa = XCBuildConfiguration;
			buildSettings = {
				ALWAYS_SEARCH_USER_PATHS = NO;
				CLANG_ANALYZER_NONNULL = YES;
				CLANG_ANALYZER_NUMBER_OBJECT_CONVERSION = YES_AGGRESSIVE;
				CLANG_CXX_LANGUAGE_STANDARD = "gnu++17";
				CLANG_CXX_LIBRARY = "libc++";
				CLANG_ENABLE_MODULES = YES;
				CLANG_ENABLE_OBJC_ARC = YES;
				CLANG_ENABLE_OBJC_WEAK = YES;
				CLANG_WARN_BLOCK_CAPTURE_AUTORELEASING = YES;
				CLANG_WARN_BOOL_CONVERSION = YES;
				CLANG_WARN_COMMA = YES;
				CLANG_WARN_CONSTANT_CONVERSION = YES;
				CLANG_WARN_DEPRECATED_OBJC_IMPLEMENTATIONS = YES;
				CLANG_WARN_DIRECT_OBJC_ISA_USAGE = YES_ERROR;
				CLANG_WARN_DOCUMENTATION_COMMENTS = YES;
				CLANG_WARN_EMPTY_BODY = YES;
				CLANG_WARN_ENUM_CONVERSION = YES;
				CLANG_WARN_INFINITE_RECURSION = YES;
				CLANG_WARN_INT_CONVERSION = YES;
				CLANG_WARN_NON_LITERAL_NULL_CONVERSION = YES;
				CLANG_WARN_OBJC_IMPLICIT_RETAIN_SELF = YES;
				CLANG_WARN_OBJC_LITERAL_CONVERSION = YES;
				CLANG_WARN_OBJC_ROOT_CLASS = YES_ERROR;
				CLANG_WARN_QUOTED_INCLUDE_IN_FRAMEWORK_HEADER = YES;
				CLANG_WARN_RANGE_LOOP_ANALYSIS = YES;
				CLANG_WARN_STRICT_PROTOTYPES = YES;
				CLANG_WARN_SUSPICIOUS_MOVE = YES;
				CLANG_WARN_UNGUARDED_AVAILABILITY = YES_AGGRESSIVE;
				CLANG_WARN_UNREACHABLE_CODE = YES;
				CLANG_WARN__DUPLICATE_METHOD_MATCH = YES;
				COPY_PHASE_STRIP = NO;
				DEBUG_INFORMATION_FORMAT = dwarf;
				ENABLE_STRICT_OBJC_MSGSEND = YES;
				ENABLE_TESTABILITY = YES;
				GCC_C_LANGUAGE_STANDARD = gnu11;
				GCC_DYNAMIC_NO_PIC = NO;
				GCC_NO_COMMON_BLOCKS = YES;
				GCC_OPTIMIZATION_LEVEL = 0;
				GCC_PREPROCESSOR_DEFINITIONS = (
					"DEBUG=1",
					"$(inherited)",
				);
				GCC_WARN_64_TO_32_BIT_CONVERSION = YES;
				GCC_WARN_ABOUT_RETURN_TYPE = YES_ERROR;
				GCC_WARN_UNDECLARED_SELECTOR = YES;
				GCC_WARN_UNINITIALIZED_AUTOS = YES_AGGRESSIVE;
				GCC_WARN_UNUSED_FUNCTION = YES;
				GCC_WARN_UNUSED_VARIABLE = YES;
				IPHONEOS_DEPLOYMENT_TARGET = 15.0;
				MTL_ENABLE_DEBUG_INFO = INCLUDE_SOURCE;
				MTL_FAST_MATH = YES;
				ONLY_ACTIVE_ARCH = YES;
				SDKROOT = iphoneos;
				SWIFT_ACTIVE_COMPILATION_CONDITIONS = DEBUG;
				SWIFT_OPTIMIZATION_LEVEL = "-Onone";
			};
			name = Debug;
		};
		312D26F827BE32BB00D0BB64 /* Release */ = {
			isa = XCBuildConfiguration;
			buildSettings = {
				ALWAYS_SEARCH_USER_PATHS = NO;
				CLANG_ANALYZER_NONNULL = YES;
				CLANG_ANALYZER_NUMBER_OBJECT_CONVERSION = YES_AGGRESSIVE;
				CLANG_CXX_LANGUAGE_STANDARD = "gnu++17";
				CLANG_CXX_LIBRARY = "libc++";
				CLANG_ENABLE_MODULES = YES;
				CLANG_ENABLE_OBJC_ARC = YES;
				CLANG_ENABLE_OBJC_WEAK = YES;
				CLANG_WARN_BLOCK_CAPTURE_AUTORELEASING = YES;
				CLANG_WARN_BOOL_CONVERSION = YES;
				CLANG_WARN_COMMA = YES;
				CLANG_WARN_CONSTANT_CONVERSION = YES;
				CLANG_WARN_DEPRECATED_OBJC_IMPLEMENTATIONS = YES;
				CLANG_WARN_DIRECT_OBJC_ISA_USAGE = YES_ERROR;
				CLANG_WARN_DOCUMENTATION_COMMENTS = YES;
				CLANG_WARN_EMPTY_BODY = YES;
				CLANG_WARN_ENUM_CONVERSION = YES;
				CLANG_WARN_INFINITE_RECURSION = YES;
				CLANG_WARN_INT_CONVERSION = YES;
				CLANG_WARN_NON_LITERAL_NULL_CONVERSION = YES;
				CLANG_WARN_OBJC_IMPLICIT_RETAIN_SELF = YES;
				CLANG_WARN_OBJC_LITERAL_CONVERSION = YES;
				CLANG_WARN_OBJC_ROOT_CLASS = YES_ERROR;
				CLANG_WARN_QUOTED_INCLUDE_IN_FRAMEWORK_HEADER = YES;
				CLANG_WARN_RANGE_LOOP_ANALYSIS = YES;
				CLANG_WARN_STRICT_PROTOTYPES = YES;
				CLANG_WARN_SUSPICIOUS_MOVE = YES;
				CLANG_WARN_UNGUARDED_AVAILABILITY = YES_AGGRESSIVE;
				CLANG_WARN_UNREACHABLE_CODE = YES;
				CLANG_WARN__DUPLICATE_METHOD_MATCH = YES;
				COPY_PHASE_STRIP = NO;
				DEBUG_INFORMATION_FORMAT = "dwarf-with-dsym";
				ENABLE_NS_ASSERTIONS = NO;
				ENABLE_STRICT_OBJC_MSGSEND = YES;
				GCC_C_LANGUAGE_STANDARD = gnu11;
				GCC_NO_COMMON_BLOCKS = YES;
				GCC_WARN_64_TO_32_BIT_CONVERSION = YES;
				GCC_WARN_ABOUT_RETURN_TYPE = YES_ERROR;
				GCC_WARN_UNDECLARED_SELECTOR = YES;
				GCC_WARN_UNINITIALIZED_AUTOS = YES_AGGRESSIVE;
				GCC_WARN_UNUSED_FUNCTION = YES;
				GCC_WARN_UNUSED_VARIABLE = YES;
				IPHONEOS_DEPLOYMENT_TARGET = 15.0;
				MTL_ENABLE_DEBUG_INFO = NO;
				MTL_FAST_MATH = YES;
				SDKROOT = iphoneos;
				SWIFT_COMPILATION_MODE = wholemodule;
				SWIFT_OPTIMIZATION_LEVEL = "-O";
				VALIDATE_PRODUCT = YES;
			};
			name = Release;
		};
		312D26FA27BE32BB00D0BB64 /* Debug */ = {
			isa = XCBuildConfiguration;
			baseConfigurationReference = 46418FFD2C2ED1D11C8E864E /* Pods-DuoYinDemo.debug.xcconfig */;
			buildSettings = {
				ASSETCATALOG_COMPILER_APPICON_NAME = AppIcon;
				ASSETCATALOG_COMPILER_GLOBAL_ACCENT_COLOR_NAME = AccentColor;
				CODE_SIGN_STYLE = Automatic;
				CURRENT_PROJECT_VERSION = 1;
				GENERATE_INFOPLIST_FILE = YES;
				INFOPLIST_FILE = DuoYinDemo/Info.plist;
				INFOPLIST_KEY_UILaunchStoryboardName = LaunchScreen;
				INFOPLIST_KEY_UISupportedInterfaceOrientations_iPad = "UIInterfaceOrientationPortrait UIInterfaceOrientationPortraitUpsideDown UIInterfaceOrientationLandscapeLeft UIInterfaceOrientationLandscapeRight";
				INFOPLIST_KEY_UISupportedInterfaceOrientations_iPhone = "UIInterfaceOrientationPortrait UIInterfaceOrientationLandscapeLeft UIInterfaceOrientationLandscapeRight";
				LD_RUNPATH_SEARCH_PATHS = (
					"$(inherited)",
					"@executable_path/Frameworks",
				);
				MARKETING_VERSION = 1.0;
				PRODUCT_BUNDLE_IDENTIFIER = com.ZhangX.DuoYinDemo;
				PRODUCT_NAME = "$(TARGET_NAME)";
				SWIFT_EMIT_LOC_STRINGS = YES;
				SWIFT_VERSION = 5.0;
				TARGETED_DEVICE_FAMILY = "1,2";
			};
			name = Debug;
		};
		312D26FB27BE32BB00D0BB64 /* Release */ = {
			isa = XCBuildConfiguration;
			baseConfigurationReference = D10B278F91E0675C407D037E /* Pods-DuoYinDemo.release.xcconfig */;
			buildSettings = {
				ASSETCATALOG_COMPILER_APPICON_NAME = AppIcon;
				ASSETCATALOG_COMPILER_GLOBAL_ACCENT_COLOR_NAME = AccentColor;
				CODE_SIGN_STYLE = Automatic;
				CURRENT_PROJECT_VERSION = 1;
				GENERATE_INFOPLIST_FILE = YES;
				INFOPLIST_FILE = DuoYinDemo/Info.plist;
				INFOPLIST_KEY_UILaunchStoryboardName = LaunchScreen;
				INFOPLIST_KEY_UISupportedInterfaceOrientations_iPad = "UIInterfaceOrientationPortrait UIInterfaceOrientationPortraitUpsideDown UIInterfaceOrientationLandscapeLeft UIInterfaceOrientationLandscapeRight";
				INFOPLIST_KEY_UISupportedInterfaceOrientations_iPhone = "UIInterfaceOrientationPortrait UIInterfaceOrientationLandscapeLeft UIInterfaceOrientationLandscapeRight";
				LD_RUNPATH_SEARCH_PATHS = (
					"$(inherited)",
					"@executable_path/Frameworks",
				);
				MARKETING_VERSION = 1.0;
				PRODUCT_BUNDLE_IDENTIFIER = com.ZhangX.DuoYinDemo;
				PRODUCT_NAME = "$(TARGET_NAME)";
				SWIFT_EMIT_LOC_STRINGS = YES;
				SWIFT_VERSION = 5.0;
				TARGETED_DEVICE_FAMILY = "1,2";
			};
			name = Release;
		};
/* End XCBuildConfiguration section */

/* Begin XCConfigurationList section */
		312D26E027BE32B800D0BB64 /* Build configuration list for PBXProject "DuoYinDemo" */ = {
			isa = XCConfigurationList;
			buildConfigurations = (
				312D26F727BE32BB00D0BB64 /* Debug */,
				312D26F827BE32BB00D0BB64 /* Release */,
			);
			defaultConfigurationIsVisible = 0;
			defaultConfigurationName = Release;
		};
		312D26F927BE32BB00D0BB64 /* Build configuration list for PBXNativeTarget "DuoYinDemo" */ = {
			isa = XCConfigurationList;
			buildConfigurations = (
				312D26FA27BE32BB00D0BB64 /* Debug */,
				312D26FB27BE32BB00D0BB64 /* Release */,
			);
			defaultConfigurationIsVisible = 0;
			defaultConfigurationName = Release;
		};
/* End XCConfigurationList section */
	};
	rootObject = 312D26DD27BE32B800D0BB64 /* Project object */;
}
